// !$*UTF8*$!
{
	archiveVersion = 1;
	classes = {
	};
	objectVersion = 46;
	objects = {

/* Begin PBXBuildFile section */
		1D3848E0D5570D21F8642A80 /* libPods-KobeSample.a in Frameworks */ = {isa = PBXBuildFile; fileRef = B0920ED9A7F2ABE6265EC6D3 /* libPods-KobeSample.a */; };
		32C194E11D9F8FC0009B7070 /* main.m in Sources */ = {isa = PBXBuildFile; fileRef = 32C194E01D9F8FC0009B7070 /* main.m */; };
		32C194E41D9F8FC0009B7070 /* AppDelegate.m in Sources */ = {isa = PBXBuildFile; fileRef = 32C194E31D9F8FC0009B7070 /* AppDelegate.m */; };
		32C194E71D9F8FC0009B7070 /* ViewController.m in Sources */ = {isa = PBXBuildFile; fileRef = 32C194E61D9F8FC0009B7070 /* ViewController.m */; };
		32C194EA1D9F8FC0009B7070 /* Main.storyboard in Resources */ = {isa = PBXBuildFile; fileRef = 32C194E81D9F8FC0009B7070 /* Main.storyboard */; };
		32C194EC1D9F8FC0009B7070 /* Assets.xcassets in Resources */ = {isa = PBXBuildFile; fileRef = 32C194EB1D9F8FC0009B7070 /* Assets.xcassets */; };
		32C194EF1D9F8FC0009B7070 /* LaunchScreen.storyboard in Resources */ = {isa = PBXBuildFile; fileRef = 32C194ED1D9F8FC0009B7070 /* LaunchScreen.storyboard */; };
		611E37361DA51C1A006CCDEE /* SearchViewController.m in Sources */ = {isa = PBXBuildFile; fileRef = 611E37351DA51C19006CCDEE /* SearchViewController.m */; };
		611E373A1DA526BF006CCDEE /* CollectionViewCell.m in Sources */ = {isa = PBXBuildFile; fileRef = 611E37391DA526BF006CCDEE /* CollectionViewCell.m */; };
		611F32CF1DA23C9300009F07 /* userInfo.m in Sources */ = {isa = PBXBuildFile; fileRef = 611F32CE1DA23C9300009F07 /* userInfo.m */; };
		611F32D31DA260F300009F07 /* AfterSignUpViewController.m in Sources */ = {isa = PBXBuildFile; fileRef = 611F32D21DA260F300009F07 /* AfterSignUpViewController.m */; };
		611F32D71DA26CB000009F07 /* LaunchViewController.m in Sources */ = {isa = PBXBuildFile; fileRef = 611F32D61DA26CB000009F07 /* LaunchViewController.m */; };
		611F32DB1DA27F2800009F07 /* venueInfo.m in Sources */ = {isa = PBXBuildFile; fileRef = 611F32DA1DA27F2800009F07 /* venueInfo.m */; };
		611F32DD1DA284E200009F07 /* CoreLocation.framework in Frameworks */ = {isa = PBXBuildFile; fileRef = 611F32DC1DA284E200009F07 /* CoreLocation.framework */; };
		611F32DF1DA284E900009F07 /* MapKit.framework in Frameworks */ = {isa = PBXBuildFile; fileRef = 611F32DE1DA284E900009F07 /* MapKit.framework */; };
		611F32E61DA28FE100009F07 /* ShowAllVenue.m in Sources */ = {isa = PBXBuildFile; fileRef = 611F32E51DA28FE100009F07 /* ShowAllVenue.m */; };
		61260F4D1DBB3B78004D4AE5 /* NotificationViewController.m in Sources */ = {isa = PBXBuildFile; fileRef = 61260F4C1DBB3B78004D4AE5 /* NotificationViewController.m */; };
		61260F511DBB4376004D4AE5 /* NotificationViewCell.m in Sources */ = {isa = PBXBuildFile; fileRef = 61260F501DBB4376004D4AE5 /* NotificationViewCell.m */; };
		61260F541DBB70B7004D4AE5 /* NotificationInfo.m in Sources */ = {isa = PBXBuildFile; fileRef = 61260F531DBB70B7004D4AE5 /* NotificationInfo.m */; };
		612ADB681DB4F7FF0012C752 /* ShareWithViewController.m in Sources */ = {isa = PBXBuildFile; fileRef = 612ADB671DB4F7FF0012C752 /* ShareWithViewController.m */; };
		612ADB6A1DB508910012C752 /* Social.framework in Frameworks */ = {isa = PBXBuildFile; fileRef = 612ADB691DB508910012C752 /* Social.framework */; };
		61379A5E1DA38453007ABD99 /* CustomViewCell.m in Sources */ = {isa = PBXBuildFile; fileRef = 61379A5D1DA38453007ABD99 /* CustomViewCell.m */; };
		61379A641DA391D3007ABD99 /* DetailsViewController.m in Sources */ = {isa = PBXBuildFile; fileRef = 61379A631DA391D3007ABD99 /* DetailsViewController.m */; };
		61379A681DA39511007ABD99 /* CustomDetailsViewCell.m in Sources */ = {isa = PBXBuildFile; fileRef = 61379A671DA39511007ABD99 /* CustomDetailsViewCell.m */; };
		61379A6C1DA3AE41007ABD99 /* MapViewController.m in Sources */ = {isa = PBXBuildFile; fileRef = 61379A6B1DA3AE41007ABD99 /* MapViewController.m */; };
		6147A4441D9F9914003DB950 /* JSONResponseSerializerWithData.m in Sources */ = {isa = PBXBuildFile; fileRef = 6147A4411D9F9914003DB950 /* JSONResponseSerializerWithData.m */; };
		6147A4451D9F9914003DB950 /* NGAPIClient.m in Sources */ = {isa = PBXBuildFile; fileRef = 6147A4431D9F9914003DB950 /* NGAPIClient.m */; };
		6147A44B1D9F9A6F003DB950 /* Utility.m in Sources */ = {isa = PBXBuildFile; fileRef = 6147A44A1D9F9A6F003DB950 /* Utility.m */; };
		6147A44F1D9FB5A3003DB950 /* DetailViewController.m in Sources */ = {isa = PBXBuildFile; fileRef = 6147A44E1D9FB5A3003DB950 /* DetailViewController.m */; };
		6148F45A1DB9EF5400FBB694 /* LogInViewController.m in Sources */ = {isa = PBXBuildFile; fileRef = 6148F4591DB9EF5400FBB694 /* LogInViewController.m */; };
		616CD1C01DA7848C008558D5 /* AfterMenuViewController.m in Sources */ = {isa = PBXBuildFile; fileRef = 616CD1BF1DA7848C008558D5 /* AfterMenuViewController.m */; };
		616ECCC21DA60E3800BA6852 /* tagInfo.m in Sources */ = {isa = PBXBuildFile; fileRef = 616ECCC11DA60E3800BA6852 /* tagInfo.m */; };
		616ECCD01DA66A1200BA6852 /* RECommonFunctions.m in Sources */ = {isa = PBXBuildFile; fileRef = 616ECCC51DA66A1200BA6852 /* RECommonFunctions.m */; };
		616ECCD11DA66A1200BA6852 /* REFrostedContainerViewController.m in Sources */ = {isa = PBXBuildFile; fileRef = 616ECCC71DA66A1200BA6852 /* REFrostedContainerViewController.m */; };
		616ECCD21DA66A1200BA6852 /* REFrostedViewController.m in Sources */ = {isa = PBXBuildFile; fileRef = 616ECCC91DA66A1200BA6852 /* REFrostedViewController.m */; };
		616ECCD31DA66A1200BA6852 /* UIImage+REFrostedViewController.m in Sources */ = {isa = PBXBuildFile; fileRef = 616ECCCB1DA66A1200BA6852 /* UIImage+REFrostedViewController.m */; };
		616ECCD41DA66A1200BA6852 /* UIView+REFrostedViewController.m in Sources */ = {isa = PBXBuildFile; fileRef = 616ECCCD1DA66A1200BA6852 /* UIView+REFrostedViewController.m */; };
		616ECCD51DA66A1200BA6852 /* UIViewController+REFrostedViewController.m in Sources */ = {isa = PBXBuildFile; fileRef = 616ECCCF1DA66A1200BA6852 /* UIViewController+REFrostedViewController.m */; };
		616ECCE11DA66A5800BA6852 /* DEMOMenuViewController.m in Sources */ = {isa = PBXBuildFile; fileRef = 616ECCD81DA66A5800BA6852 /* DEMOMenuViewController.m */; };
		616ECCE21DA66A5800BA6852 /* DEMONavigationController.m in Sources */ = {isa = PBXBuildFile; fileRef = 616ECCDA1DA66A5800BA6852 /* DEMONavigationController.m */; };
		616ECCE31DA66A5800BA6852 /* HeaderViewCell.m in Sources */ = {isa = PBXBuildFile; fileRef = 616ECCDC1DA66A5800BA6852 /* HeaderViewCell.m */; };
		616ECCE41DA66A5800BA6852 /* MenuViewCell.m in Sources */ = {isa = PBXBuildFile; fileRef = 616ECCDE1DA66A5800BA6852 /* MenuViewCell.m */; };
		616ECCE51DA66A5800BA6852 /* RootViewController.m in Sources */ = {isa = PBXBuildFile; fileRef = 616ECCE01DA66A5800BA6852 /* RootViewController.m */; };
		618329451DB0AD6C00DC53FA /* AllVenueMapViewController.m in Sources */ = {isa = PBXBuildFile; fileRef = 618329441DB0AD6C00DC53FA /* AllVenueMapViewController.m */; };
		618329491DB0D47600DC53FA /* UpdateUserInfoViewController.m in Sources */ = {isa = PBXBuildFile; fileRef = 618329481DB0D47600DC53FA /* UpdateUserInfoViewController.m */; };
		61C056B51DB8E06F000D09AA /* Bolts.framework in Frameworks */ = {isa = PBXBuildFile; fileRef = 61C056B11DB8E06F000D09AA /* Bolts.framework */; };
		61C056B61DB8E06F000D09AA /* FBSDKCoreKit.framework in Frameworks */ = {isa = PBXBuildFile; fileRef = 61C056B21DB8E06F000D09AA /* FBSDKCoreKit.framework */; };
		61C056B71DB8E06F000D09AA /* FBSDKLoginKit.framework in Frameworks */ = {isa = PBXBuildFile; fileRef = 61C056B31DB8E06F000D09AA /* FBSDKLoginKit.framework */; };
		61C056B81DB8E06F000D09AA /* FBSDKShareKit.framework in Frameworks */ = {isa = PBXBuildFile; fileRef = 61C056B41DB8E06F000D09AA /* FBSDKShareKit.framework */; };
		61C056BB1DB8E2BE000D09AA /* FacebookInfo.m in Sources */ = {isa = PBXBuildFile; fileRef = 61C056BA1DB8E2BE000D09AA /* FacebookInfo.m */; };
		61C056C11DB8E649000D09AA /* EmailViewController.m in Sources */ = {isa = PBXBuildFile; fileRef = 61C056C01DB8E649000D09AA /* EmailViewController.m */; };
		61EE6EF61DBA1C3200238551 /* HowItWorksViewController.m in Sources */ = {isa = PBXBuildFile; fileRef = 61EE6EF51DBA1C3200238551 /* HowItWorksViewController.m */; };
		61EE6EFA1DBA36B100238551 /* VenueViewCell.m in Sources */ = {isa = PBXBuildFile; fileRef = 61EE6EF91DBA36B100238551 /* VenueViewCell.m */; };
/* End PBXBuildFile section */

/* Begin PBXFileReference section */
		32C194DC1D9F8FC0009B7070 /* KobeSample.app */ = {isa = PBXFileReference; explicitFileType = wrapper.application; includeInIndex = 0; path = KobeSample.app; sourceTree = BUILT_PRODUCTS_DIR; };
		32C194E01D9F8FC0009B7070 /* main.m */ = {isa = PBXFileReference; lastKnownFileType = sourcecode.c.objc; path = main.m; sourceTree = "<group>"; };
		32C194E21D9F8FC0009B7070 /* AppDelegate.h */ = {isa = PBXFileReference; lastKnownFileType = sourcecode.c.h; path = AppDelegate.h; sourceTree = "<group>"; };
		32C194E31D9F8FC0009B7070 /* AppDelegate.m */ = {isa = PBXFileReference; lastKnownFileType = sourcecode.c.objc; path = AppDelegate.m; sourceTree = "<group>"; };
		32C194E51D9F8FC0009B7070 /* ViewController.h */ = {isa = PBXFileReference; lastKnownFileType = sourcecode.c.h; path = ViewController.h; sourceTree = "<group>"; };
		32C194E61D9F8FC0009B7070 /* ViewController.m */ = {isa = PBXFileReference; lastKnownFileType = sourcecode.c.objc; path = ViewController.m; sourceTree = "<group>"; };
		32C194E91D9F8FC0009B7070 /* Base */ = {isa = PBXFileReference; lastKnownFileType = file.storyboard; name = Base; path = Base.lproj/Main.storyboard; sourceTree = "<group>"; };
		32C194EB1D9F8FC0009B7070 /* Assets.xcassets */ = {isa = PBXFileReference; lastKnownFileType = folder.assetcatalog; path = Assets.xcassets; sourceTree = "<group>"; };
		32C194EE1D9F8FC0009B7070 /* Base */ = {isa = PBXFileReference; lastKnownFileType = file.storyboard; name = Base; path = Base.lproj/LaunchScreen.storyboard; sourceTree = "<group>"; };
		32C194F01D9F8FC0009B7070 /* Info.plist */ = {isa = PBXFileReference; lastKnownFileType = text.plist.xml; path = Info.plist; sourceTree = "<group>"; };
		3F5D68EF42CB5E15591F481E /* Pods-KobeSample.debug.xcconfig */ = {isa = PBXFileReference; includeInIndex = 1; lastKnownFileType = text.xcconfig; name = "Pods-KobeSample.debug.xcconfig"; path = "Pods/Target Support Files/Pods-KobeSample/Pods-KobeSample.debug.xcconfig"; sourceTree = "<group>"; };
		50811334A56F0D3085D83974 /* Pods-KobeSample.release.xcconfig */ = {isa = PBXFileReference; includeInIndex = 1; lastKnownFileType = text.xcconfig; name = "Pods-KobeSample.release.xcconfig"; path = "Pods/Target Support Files/Pods-KobeSample/Pods-KobeSample.release.xcconfig"; sourceTree = "<group>"; };
		611E37341DA51C19006CCDEE /* SearchViewController.h */ = {isa = PBXFileReference; fileEncoding = 4; lastKnownFileType = sourcecode.c.h; path = SearchViewController.h; sourceTree = "<group>"; };
		611E37351DA51C19006CCDEE /* SearchViewController.m */ = {isa = PBXFileReference; fileEncoding = 4; lastKnownFileType = sourcecode.c.objc; path = SearchViewController.m; sourceTree = "<group>"; };
		611E37381DA526BF006CCDEE /* CollectionViewCell.h */ = {isa = PBXFileReference; fileEncoding = 4; lastKnownFileType = sourcecode.c.h; path = CollectionViewCell.h; sourceTree = "<group>"; };
		611E37391DA526BF006CCDEE /* CollectionViewCell.m */ = {isa = PBXFileReference; fileEncoding = 4; lastKnownFileType = sourcecode.c.objc; path = CollectionViewCell.m; sourceTree = "<group>"; };
		611F32CD1DA23C9300009F07 /* userInfo.h */ = {isa = PBXFileReference; fileEncoding = 4; lastKnownFileType = sourcecode.c.h; path = userInfo.h; sourceTree = "<group>"; };
		611F32CE1DA23C9300009F07 /* userInfo.m */ = {isa = PBXFileReference; fileEncoding = 4; lastKnownFileType = sourcecode.c.objc; path = userInfo.m; sourceTree = "<group>"; };
		611F32D11DA260F300009F07 /* AfterSignUpViewController.h */ = {isa = PBXFileReference; fileEncoding = 4; lastKnownFileType = sourcecode.c.h; path = AfterSignUpViewController.h; sourceTree = "<group>"; };
		611F32D21DA260F300009F07 /* AfterSignUpViewController.m */ = {isa = PBXFileReference; fileEncoding = 4; lastKnownFileType = sourcecode.c.objc; path = AfterSignUpViewController.m; sourceTree = "<group>"; };
		611F32D51DA26CB000009F07 /* LaunchViewController.h */ = {isa = PBXFileReference; fileEncoding = 4; lastKnownFileType = sourcecode.c.h; path = LaunchViewController.h; sourceTree = "<group>"; };
		611F32D61DA26CB000009F07 /* LaunchViewController.m */ = {isa = PBXFileReference; fileEncoding = 4; lastKnownFileType = sourcecode.c.objc; path = LaunchViewController.m; sourceTree = "<group>"; };
		611F32D91DA27F2800009F07 /* venueInfo.h */ = {isa = PBXFileReference; fileEncoding = 4; lastKnownFileType = sourcecode.c.h; path = venueInfo.h; sourceTree = "<group>"; };
		611F32DA1DA27F2800009F07 /* venueInfo.m */ = {isa = PBXFileReference; fileEncoding = 4; lastKnownFileType = sourcecode.c.objc; path = venueInfo.m; sourceTree = "<group>"; };
		611F32DC1DA284E200009F07 /* CoreLocation.framework */ = {isa = PBXFileReference; lastKnownFileType = wrapper.framework; name = CoreLocation.framework; path = System/Library/Frameworks/CoreLocation.framework; sourceTree = SDKROOT; };
		611F32DE1DA284E900009F07 /* MapKit.framework */ = {isa = PBXFileReference; lastKnownFileType = wrapper.framework; name = MapKit.framework; path = System/Library/Frameworks/MapKit.framework; sourceTree = SDKROOT; };
		611F32E01DA2857700009F07 /* QuartzCore.framework */ = {isa = PBXFileReference; lastKnownFileType = wrapper.framework; name = QuartzCore.framework; path = System/Library/Frameworks/QuartzCore.framework; sourceTree = SDKROOT; };
		611F32E41DA28FE100009F07 /* ShowAllVenue.h */ = {isa = PBXFileReference; fileEncoding = 4; lastKnownFileType = sourcecode.c.h; path = ShowAllVenue.h; sourceTree = "<group>"; };
		611F32E51DA28FE100009F07 /* ShowAllVenue.m */ = {isa = PBXFileReference; fileEncoding = 4; lastKnownFileType = sourcecode.c.objc; path = ShowAllVenue.m; sourceTree = "<group>"; };
		61260F4B1DBB3B78004D4AE5 /* NotificationViewController.h */ = {isa = PBXFileReference; fileEncoding = 4; lastKnownFileType = sourcecode.c.h; path = NotificationViewController.h; sourceTree = "<group>"; };
		61260F4C1DBB3B78004D4AE5 /* NotificationViewController.m */ = {isa = PBXFileReference; fileEncoding = 4; lastKnownFileType = sourcecode.c.objc; path = NotificationViewController.m; sourceTree = "<group>"; };
		61260F4F1DBB4376004D4AE5 /* NotificationViewCell.h */ = {isa = PBXFileReference; fileEncoding = 4; lastKnownFileType = sourcecode.c.h; path = NotificationViewCell.h; sourceTree = "<group>"; };
		61260F501DBB4376004D4AE5 /* NotificationViewCell.m */ = {isa = PBXFileReference; fileEncoding = 4; lastKnownFileType = sourcecode.c.objc; path = NotificationViewCell.m; sourceTree = "<group>"; };
		61260F521DBB70B7004D4AE5 /* NotificationInfo.h */ = {isa = PBXFileReference; fileEncoding = 4; lastKnownFileType = sourcecode.c.h; path = NotificationInfo.h; sourceTree = "<group>"; };
		61260F531DBB70B7004D4AE5 /* NotificationInfo.m */ = {isa = PBXFileReference; fileEncoding = 4; lastKnownFileType = sourcecode.c.objc; path = NotificationInfo.m; sourceTree = "<group>"; };
		612ADB661DB4F7FF0012C752 /* ShareWithViewController.h */ = {isa = PBXFileReference; fileEncoding = 4; lastKnownFileType = sourcecode.c.h; path = ShareWithViewController.h; sourceTree = "<group>"; };
		612ADB671DB4F7FF0012C752 /* ShareWithViewController.m */ = {isa = PBXFileReference; fileEncoding = 4; lastKnownFileType = sourcecode.c.objc; path = ShareWithViewController.m; sourceTree = "<group>"; };
		612ADB691DB508910012C752 /* Social.framework */ = {isa = PBXFileReference; lastKnownFileType = wrapper.framework; name = Social.framework; path = System/Library/Frameworks/Social.framework; sourceTree = SDKROOT; };
		61379A5C1DA38453007ABD99 /* CustomViewCell.h */ = {isa = PBXFileReference; fileEncoding = 4; lastKnownFileType = sourcecode.c.h; path = CustomViewCell.h; sourceTree = "<group>"; };
		61379A5D1DA38453007ABD99 /* CustomViewCell.m */ = {isa = PBXFileReference; fileEncoding = 4; lastKnownFileType = sourcecode.c.objc; path = CustomViewCell.m; sourceTree = "<group>"; };
		61379A621DA391D3007ABD99 /* DetailsViewController.h */ = {isa = PBXFileReference; fileEncoding = 4; lastKnownFileType = sourcecode.c.h; path = DetailsViewController.h; sourceTree = "<group>"; };
		61379A631DA391D3007ABD99 /* DetailsViewController.m */ = {isa = PBXFileReference; fileEncoding = 4; lastKnownFileType = sourcecode.c.objc; path = DetailsViewController.m; sourceTree = "<group>"; };
		61379A661DA39511007ABD99 /* CustomDetailsViewCell.h */ = {isa = PBXFileReference; fileEncoding = 4; lastKnownFileType = sourcecode.c.h; path = CustomDetailsViewCell.h; sourceTree = "<group>"; };
		61379A671DA39511007ABD99 /* CustomDetailsViewCell.m */ = {isa = PBXFileReference; fileEncoding = 4; lastKnownFileType = sourcecode.c.objc; path = CustomDetailsViewCell.m; sourceTree = "<group>"; };
		61379A6A1DA3AE41007ABD99 /* MapViewController.h */ = {isa = PBXFileReference; fileEncoding = 4; lastKnownFileType = sourcecode.c.h; path = MapViewController.h; sourceTree = "<group>"; };
		61379A6B1DA3AE41007ABD99 /* MapViewController.m */ = {isa = PBXFileReference; fileEncoding = 4; lastKnownFileType = sourcecode.c.objc; path = MapViewController.m; sourceTree = "<group>"; };
		6147A43F1D9F9914003DB950 /* Constant.h */ = {isa = PBXFileReference; fileEncoding = 4; lastKnownFileType = sourcecode.c.h; path = Constant.h; sourceTree = "<group>"; };
		6147A4401D9F9914003DB950 /* JSONResponseSerializerWithData.h */ = {isa = PBXFileReference; fileEncoding = 4; lastKnownFileType = sourcecode.c.h; path = JSONResponseSerializerWithData.h; sourceTree = "<group>"; };
		6147A4411D9F9914003DB950 /* JSONResponseSerializerWithData.m */ = {isa = PBXFileReference; fileEncoding = 4; lastKnownFileType = sourcecode.c.objc; path = JSONResponseSerializerWithData.m; sourceTree = "<group>"; };
		6147A4421D9F9914003DB950 /* NGAPIClient.h */ = {isa = PBXFileReference; fileEncoding = 4; lastKnownFileType = sourcecode.c.h; path = NGAPIClient.h; sourceTree = "<group>"; };
		6147A4431D9F9914003DB950 /* NGAPIClient.m */ = {isa = PBXFileReference; fileEncoding = 4; lastKnownFileType = sourcecode.c.objc; path = NGAPIClient.m; sourceTree = "<group>"; };
		6147A4481D9F9A17003DB950 /* KobeSample-Prefix.pch */ = {isa = PBXFileReference; lastKnownFileType = sourcecode.c.h; path = "KobeSample-Prefix.pch"; sourceTree = "<group>"; };
		6147A4491D9F9A6F003DB950 /* Utility.h */ = {isa = PBXFileReference; fileEncoding = 4; lastKnownFileType = sourcecode.c.h; path = Utility.h; sourceTree = "<group>"; };
		6147A44A1D9F9A6F003DB950 /* Utility.m */ = {isa = PBXFileReference; fileEncoding = 4; lastKnownFileType = sourcecode.c.objc; path = Utility.m; sourceTree = "<group>"; };
		6147A44D1D9FB5A3003DB950 /* DetailViewController.h */ = {isa = PBXFileReference; fileEncoding = 4; lastKnownFileType = sourcecode.c.h; path = DetailViewController.h; sourceTree = "<group>"; };
		6147A44E1D9FB5A3003DB950 /* DetailViewController.m */ = {isa = PBXFileReference; fileEncoding = 4; lastKnownFileType = sourcecode.c.objc; path = DetailViewController.m; sourceTree = "<group>"; };
		6148F4581DB9EF5400FBB694 /* LogInViewController.h */ = {isa = PBXFileReference; fileEncoding = 4; lastKnownFileType = sourcecode.c.h; path = LogInViewController.h; sourceTree = "<group>"; };
		6148F4591DB9EF5400FBB694 /* LogInViewController.m */ = {isa = PBXFileReference; fileEncoding = 4; lastKnownFileType = sourcecode.c.objc; path = LogInViewController.m; sourceTree = "<group>"; };
		616CD1BE1DA7848C008558D5 /* AfterMenuViewController.h */ = {isa = PBXFileReference; fileEncoding = 4; lastKnownFileType = sourcecode.c.h; path = AfterMenuViewController.h; sourceTree = "<group>"; };
		616CD1BF1DA7848C008558D5 /* AfterMenuViewController.m */ = {isa = PBXFileReference; fileEncoding = 4; lastKnownFileType = sourcecode.c.objc; path = AfterMenuViewController.m; sourceTree = "<group>"; };
		616ECCC01DA60E3800BA6852 /* tagInfo.h */ = {isa = PBXFileReference; fileEncoding = 4; lastKnownFileType = sourcecode.c.h; path = tagInfo.h; sourceTree = "<group>"; };
		616ECCC11DA60E3800BA6852 /* tagInfo.m */ = {isa = PBXFileReference; fileEncoding = 4; lastKnownFileType = sourcecode.c.objc; path = tagInfo.m; sourceTree = "<group>"; };
		616ECCC41DA66A1200BA6852 /* RECommonFunctions.h */ = {isa = PBXFileReference; fileEncoding = 4; lastKnownFileType = sourcecode.c.h; name = RECommonFunctions.h; path = REFrostedViewController/RECommonFunctions.h; sourceTree = "<group>"; };
		616ECCC51DA66A1200BA6852 /* RECommonFunctions.m */ = {isa = PBXFileReference; fileEncoding = 4; lastKnownFileType = sourcecode.c.objc; name = RECommonFunctions.m; path = REFrostedViewController/RECommonFunctions.m; sourceTree = "<group>"; };
		616ECCC61DA66A1200BA6852 /* REFrostedContainerViewController.h */ = {isa = PBXFileReference; fileEncoding = 4; lastKnownFileType = sourcecode.c.h; name = REFrostedContainerViewController.h; path = REFrostedViewController/REFrostedContainerViewController.h; sourceTree = "<group>"; };
		616ECCC71DA66A1200BA6852 /* REFrostedContainerViewController.m */ = {isa = PBXFileReference; fileEncoding = 4; lastKnownFileType = sourcecode.c.objc; name = REFrostedContainerViewController.m; path = REFrostedViewController/REFrostedContainerViewController.m; sourceTree = "<group>"; };
		616ECCC81DA66A1200BA6852 /* REFrostedViewController.h */ = {isa = PBXFileReference; fileEncoding = 4; lastKnownFileType = sourcecode.c.h; name = REFrostedViewController.h; path = REFrostedViewController/REFrostedViewController.h; sourceTree = "<group>"; };
		616ECCC91DA66A1200BA6852 /* REFrostedViewController.m */ = {isa = PBXFileReference; fileEncoding = 4; lastKnownFileType = sourcecode.c.objc; name = REFrostedViewController.m; path = REFrostedViewController/REFrostedViewController.m; sourceTree = "<group>"; };
		616ECCCA1DA66A1200BA6852 /* UIImage+REFrostedViewController.h */ = {isa = PBXFileReference; fileEncoding = 4; lastKnownFileType = sourcecode.c.h; name = "UIImage+REFrostedViewController.h"; path = "REFrostedViewController/UIImage+REFrostedViewController.h"; sourceTree = "<group>"; };
		616ECCCB1DA66A1200BA6852 /* UIImage+REFrostedViewController.m */ = {isa = PBXFileReference; fileEncoding = 4; lastKnownFileType = sourcecode.c.objc; name = "UIImage+REFrostedViewController.m"; path = "REFrostedViewController/UIImage+REFrostedViewController.m"; sourceTree = "<group>"; };
		616ECCCC1DA66A1200BA6852 /* UIView+REFrostedViewController.h */ = {isa = PBXFileReference; fileEncoding = 4; lastKnownFileType = sourcecode.c.h; name = "UIView+REFrostedViewController.h"; path = "REFrostedViewController/UIView+REFrostedViewController.h"; sourceTree = "<group>"; };
		616ECCCD1DA66A1200BA6852 /* UIView+REFrostedViewController.m */ = {isa = PBXFileReference; fileEncoding = 4; lastKnownFileType = sourcecode.c.objc; name = "UIView+REFrostedViewController.m"; path = "REFrostedViewController/UIView+REFrostedViewController.m"; sourceTree = "<group>"; };
		616ECCCE1DA66A1200BA6852 /* UIViewController+REFrostedViewController.h */ = {isa = PBXFileReference; fileEncoding = 4; lastKnownFileType = sourcecode.c.h; name = "UIViewController+REFrostedViewController.h"; path = "REFrostedViewController/UIViewController+REFrostedViewController.h"; sourceTree = "<group>"; };
		616ECCCF1DA66A1200BA6852 /* UIViewController+REFrostedViewController.m */ = {isa = PBXFileReference; fileEncoding = 4; lastKnownFileType = sourcecode.c.objc; name = "UIViewController+REFrostedViewController.m"; path = "REFrostedViewController/UIViewController+REFrostedViewController.m"; sourceTree = "<group>"; };
		616ECCD71DA66A5800BA6852 /* DEMOMenuViewController.h */ = {isa = PBXFileReference; fileEncoding = 4; lastKnownFileType = sourcecode.c.h; path = DEMOMenuViewController.h; sourceTree = "<group>"; };
		616ECCD81DA66A5800BA6852 /* DEMOMenuViewController.m */ = {isa = PBXFileReference; fileEncoding = 4; lastKnownFileType = sourcecode.c.objc; path = DEMOMenuViewController.m; sourceTree = "<group>"; };
		616ECCD91DA66A5800BA6852 /* DEMONavigationController.h */ = {isa = PBXFileReference; fileEncoding = 4; lastKnownFileType = sourcecode.c.h; path = DEMONavigationController.h; sourceTree = "<group>"; };
		616ECCDA1DA66A5800BA6852 /* DEMONavigationController.m */ = {isa = PBXFileReference; fileEncoding = 4; lastKnownFileType = sourcecode.c.objc; path = DEMONavigationController.m; sourceTree = "<group>"; };
		616ECCDB1DA66A5800BA6852 /* HeaderViewCell.h */ = {isa = PBXFileReference; fileEncoding = 4; lastKnownFileType = sourcecode.c.h; path = HeaderViewCell.h; sourceTree = "<group>"; };
		616ECCDC1DA66A5800BA6852 /* HeaderViewCell.m */ = {isa = PBXFileReference; fileEncoding = 4; lastKnownFileType = sourcecode.c.objc; path = HeaderViewCell.m; sourceTree = "<group>"; };
		616ECCDD1DA66A5800BA6852 /* MenuViewCell.h */ = {isa = PBXFileReference; fileEncoding = 4; lastKnownFileType = sourcecode.c.h; path = MenuViewCell.h; sourceTree = "<group>"; };
		616ECCDE1DA66A5800BA6852 /* MenuViewCell.m */ = {isa = PBXFileReference; fileEncoding = 4; lastKnownFileType = sourcecode.c.objc; path = MenuViewCell.m; sourceTree = "<group>"; };
		616ECCDF1DA66A5800BA6852 /* RootViewController.h */ = {isa = PBXFileReference; fileEncoding = 4; lastKnownFileType = sourcecode.c.h; path = RootViewController.h; sourceTree = "<group>"; };
		616ECCE01DA66A5800BA6852 /* RootViewController.m */ = {isa = PBXFileReference; fileEncoding = 4; lastKnownFileType = sourcecode.c.objc; path = RootViewController.m; sourceTree = "<group>"; };
		618329431DB0AD6C00DC53FA /* AllVenueMapViewController.h */ = {isa = PBXFileReference; fileEncoding = 4; lastKnownFileType = sourcecode.c.h; path = AllVenueMapViewController.h; sourceTree = "<group>"; };
		618329441DB0AD6C00DC53FA /* AllVenueMapViewController.m */ = {isa = PBXFileReference; fileEncoding = 4; lastKnownFileType = sourcecode.c.objc; path = AllVenueMapViewController.m; sourceTree = "<group>"; };
		618329471DB0D47600DC53FA /* UpdateUserInfoViewController.h */ = {isa = PBXFileReference; fileEncoding = 4; lastKnownFileType = sourcecode.c.h; path = UpdateUserInfoViewController.h; sourceTree = "<group>"; };
		618329481DB0D47600DC53FA /* UpdateUserInfoViewController.m */ = {isa = PBXFileReference; fileEncoding = 4; lastKnownFileType = sourcecode.c.objc; path = UpdateUserInfoViewController.m; sourceTree = "<group>"; };
		61C056B11DB8E06F000D09AA /* Bolts.framework */ = {isa = PBXFileReference; lastKnownFileType = wrapper.framework; name = Bolts.framework; path = "FacebookSDKs-iOS-4.16.1/Bolts.framework"; sourceTree = "<group>"; };
		61C056B21DB8E06F000D09AA /* FBSDKCoreKit.framework */ = {isa = PBXFileReference; lastKnownFileType = wrapper.framework; name = FBSDKCoreKit.framework; path = "FacebookSDKs-iOS-4.16.1/FBSDKCoreKit.framework"; sourceTree = "<group>"; };
		61C056B31DB8E06F000D09AA /* FBSDKLoginKit.framework */ = {isa = PBXFileReference; lastKnownFileType = wrapper.framework; name = FBSDKLoginKit.framework; path = "FacebookSDKs-iOS-4.16.1/FBSDKLoginKit.framework"; sourceTree = "<group>"; };
		61C056B41DB8E06F000D09AA /* FBSDKShareKit.framework */ = {isa = PBXFileReference; lastKnownFileType = wrapper.framework; name = FBSDKShareKit.framework; path = "FacebookSDKs-iOS-4.16.1/FBSDKShareKit.framework"; sourceTree = "<group>"; };
		61C056B91DB8E2BE000D09AA /* FacebookInfo.h */ = {isa = PBXFileReference; fileEncoding = 4; lastKnownFileType = sourcecode.c.h; path = FacebookInfo.h; sourceTree = "<group>"; };
		61C056BA1DB8E2BE000D09AA /* FacebookInfo.m */ = {isa = PBXFileReference; fileEncoding = 4; lastKnownFileType = sourcecode.c.objc; path = FacebookInfo.m; sourceTree = "<group>"; };
		61C056BD1DB8E3B3000D09AA /* KobeSample.entitlements */ = {isa = PBXFileReference; lastKnownFileType = text.plist.entitlements; path = KobeSample.entitlements; sourceTree = "<group>"; };
		61C056BF1DB8E649000D09AA /* EmailViewController.h */ = {isa = PBXFileReference; fileEncoding = 4; lastKnownFileType = sourcecode.c.h; path = EmailViewController.h; sourceTree = "<group>"; };
		61C056C01DB8E649000D09AA /* EmailViewController.m */ = {isa = PBXFileReference; fileEncoding = 4; lastKnownFileType = sourcecode.c.objc; path = EmailViewController.m; sourceTree = "<group>"; };
		61EE6EF41DBA1C3200238551 /* HowItWorksViewController.h */ = {isa = PBXFileReference; fileEncoding = 4; lastKnownFileType = sourcecode.c.h; path = HowItWorksViewController.h; sourceTree = "<group>"; };
		61EE6EF51DBA1C3200238551 /* HowItWorksViewController.m */ = {isa = PBXFileReference; fileEncoding = 4; lastKnownFileType = sourcecode.c.objc; path = HowItWorksViewController.m; sourceTree = "<group>"; };
		61EE6EF81DBA36B100238551 /* VenueViewCell.h */ = {isa = PBXFileReference; fileEncoding = 4; lastKnownFileType = sourcecode.c.h; path = VenueViewCell.h; sourceTree = "<group>"; };
		61EE6EF91DBA36B100238551 /* VenueViewCell.m */ = {isa = PBXFileReference; fileEncoding = 4; lastKnownFileType = sourcecode.c.objc; path = VenueViewCell.m; sourceTree = "<group>"; };
		A49CEE22DF02AABD5F72CE05 /* Pods.framework */ = {isa = PBXFileReference; explicitFileType = wrapper.framework; includeInIndex = 0; path = Pods.framework; sourceTree = BUILT_PRODUCTS_DIR; };
		B0920ED9A7F2ABE6265EC6D3 /* libPods-KobeSample.a */ = {isa = PBXFileReference; explicitFileType = archive.ar; includeInIndex = 0; path = "libPods-KobeSample.a"; sourceTree = BUILT_PRODUCTS_DIR; };
/* End PBXFileReference section */

/* Begin PBXFrameworksBuildPhase section */
		32C194D91D9F8FC0009B7070 /* Frameworks */ = {
			isa = PBXFrameworksBuildPhase;
			buildActionMask = 2147483647;
			files = (
				61C056B81DB8E06F000D09AA /* FBSDKShareKit.framework in Frameworks */,
				61C056B51DB8E06F000D09AA /* Bolts.framework in Frameworks */,
				61C056B61DB8E06F000D09AA /* FBSDKCoreKit.framework in Frameworks */,
				612ADB6A1DB508910012C752 /* Social.framework in Frameworks */,
				611F32DF1DA284E900009F07 /* MapKit.framework in Frameworks */,
				61C056B71DB8E06F000D09AA /* FBSDKLoginKit.framework in Frameworks */,
				611F32DD1DA284E200009F07 /* CoreLocation.framework in Frameworks */,
				1D3848E0D5570D21F8642A80 /* libPods-KobeSample.a in Frameworks */,
			);
			runOnlyForDeploymentPostprocessing = 0;
		};
/* End PBXFrameworksBuildPhase section */

/* Begin PBXGroup section */
		32C194D31D9F8FC0009B7070 = {
			isa = PBXGroup;
			children = (
				32C194DE1D9F8FC0009B7070 /* KobeSample */,
				32C194DD1D9F8FC0009B7070 /* Products */,
				CC7F86F817E045666D5A4ED8 /* Frameworks */,
				ACFA2FEAB7365B57AABCE2DB /* Pods */,
			);
			sourceTree = "<group>";
		};
		32C194DD1D9F8FC0009B7070 /* Products */ = {
			isa = PBXGroup;
			children = (
				32C194DC1D9F8FC0009B7070 /* KobeSample.app */,
			);
			name = Products;
			sourceTree = "<group>";
		};
		32C194DE1D9F8FC0009B7070 /* KobeSample */ = {
			isa = PBXGroup;
			children = (
				61C056BD1DB8E3B3000D09AA /* KobeSample.entitlements */,
				616ECCE61DA66DD600BA6852 /* DataHolders */,
				616ECCC31DA669F400BA6852 /* RefrostedViewControllers */,
				6147A4341D9F9748003DB950 /* AppDelegate */,
				6147A4461D9F9921003DB950 /* JSONResponseSerializerWithData */,
				6147A4471D9F9941003DB950 /* NGAPIClient */,
				6147A44C1D9F9A74003DB950 /* Utility */,
				611F32D41DA26C6500009F07 /* LaunchViewController */,
				6147A4351D9F9769003DB950 /* ViewController */,
				611F32D01DA2609E00009F07 /* AfterSignUpViewController */,
				611F32E31DA28FB400009F07 /* ShowAllVenue */,
				32C194E81D9F8FC0009B7070 /* Main.storyboard */,
				32C194ED1D9F8FC0009B7070 /* LaunchScreen.storyboard */,
				32C194EB1D9F8FC0009B7070 /* Assets.xcassets */,
				32C194F01D9F8FC0009B7070 /* Info.plist */,
				32C194DF1D9F8FC0009B7070 /* Supporting Files */,
			);
			path = KobeSample;
			sourceTree = "<group>";
		};
		32C194DF1D9F8FC0009B7070 /* Supporting Files */ = {
			isa = PBXGroup;
			children = (
				32C194E01D9F8FC0009B7070 /* main.m */,
				6147A43F1D9F9914003DB950 /* Constant.h */,
				6147A4481D9F9A17003DB950 /* KobeSample-Prefix.pch */,
				61C056B01DB8E011000D09AA /* Frameworks */,
			);
			name = "Supporting Files";
			sourceTree = "<group>";
		};
		611E37331DA51BB8006CCDEE /* SearchViewController */ = {
			isa = PBXGroup;
			children = (
				611E37341DA51C19006CCDEE /* SearchViewController.h */,
				611E37351DA51C19006CCDEE /* SearchViewController.m */,
				611E37371DA52686006CCDEE /* CollectionViewCell */,
			);
			name = SearchViewController;
			sourceTree = "<group>";
		};
		611E37371DA52686006CCDEE /* CollectionViewCell */ = {
			isa = PBXGroup;
			children = (
				611E37381DA526BF006CCDEE /* CollectionViewCell.h */,
				611E37391DA526BF006CCDEE /* CollectionViewCell.m */,
			);
			name = CollectionViewCell;
			sourceTree = "<group>";
		};
		611F32D01DA2609E00009F07 /* AfterSignUpViewController */ = {
			isa = PBXGroup;
			children = (
				611F32D11DA260F300009F07 /* AfterSignUpViewController.h */,
				611F32D21DA260F300009F07 /* AfterSignUpViewController.m */,
			);
			name = AfterSignUpViewController;
			sourceTree = "<group>";
		};
		611F32D41DA26C6500009F07 /* LaunchViewController */ = {
			isa = PBXGroup;
			children = (
				611F32D51DA26CB000009F07 /* LaunchViewController.h */,
				611F32D61DA26CB000009F07 /* LaunchViewController.m */,
			);
			name = LaunchViewController;
			sourceTree = "<group>";
		};
		611F32E31DA28FB400009F07 /* ShowAllVenue */ = {
			isa = PBXGroup;
			children = (
				611F32E41DA28FE100009F07 /* ShowAllVenue.h */,
				611F32E51DA28FE100009F07 /* ShowAllVenue.m */,
				61379A581DA383AE007ABD99 /* CustomViewCell */,
				618329421DB0ACCF00DC53FA /* AllVenueMapViewController */,
				61379A611DA39177007ABD99 /* DetailsViewController */,
				616ECCD61DA66A3E00BA6852 /* Menu */,
				611E37331DA51BB8006CCDEE /* SearchViewController */,
			);
			name = ShowAllVenue;
			sourceTree = "<group>";
		};
		61260F4A1DBB3AFF004D4AE5 /* NotificationViewController */ = {
			isa = PBXGroup;
			children = (
				61260F4B1DBB3B78004D4AE5 /* NotificationViewController.h */,
				61260F4C1DBB3B78004D4AE5 /* NotificationViewController.m */,
				61260F4E1DBB4343004D4AE5 /* NotificationViewCell */,
			);
			name = NotificationViewController;
			sourceTree = "<group>";
		};
		61260F4E1DBB4343004D4AE5 /* NotificationViewCell */ = {
			isa = PBXGroup;
			children = (
				61260F4F1DBB4376004D4AE5 /* NotificationViewCell.h */,
				61260F501DBB4376004D4AE5 /* NotificationViewCell.m */,
			);
			name = NotificationViewCell;
			sourceTree = "<group>";
		};
		612ADB651DB4F7CB0012C752 /* ShareWithViewController */ = {
			isa = PBXGroup;
			children = (
				612ADB661DB4F7FF0012C752 /* ShareWithViewController.h */,
				612ADB671DB4F7FF0012C752 /* ShareWithViewController.m */,
			);
			name = ShareWithViewController;
			sourceTree = "<group>";
		};
		61379A581DA383AE007ABD99 /* CustomViewCell */ = {
			isa = PBXGroup;
			children = (
				61379A5C1DA38453007ABD99 /* CustomViewCell.h */,
				61379A5D1DA38453007ABD99 /* CustomViewCell.m */,
			);
			name = CustomViewCell;
			sourceTree = "<group>";
		};
		61379A611DA39177007ABD99 /* DetailsViewController */ = {
			isa = PBXGroup;
			children = (
				61379A621DA391D3007ABD99 /* DetailsViewController.h */,
				61379A631DA391D3007ABD99 /* DetailsViewController.m */,
				61379A651DA394AF007ABD99 /* CustomDetailsViewCell */,
				61379A691DA3AE12007ABD99 /* MapViewController */,
			);
			name = DetailsViewController;
			sourceTree = "<group>";
		};
		61379A651DA394AF007ABD99 /* CustomDetailsViewCell */ = {
			isa = PBXGroup;
			children = (
				61379A661DA39511007ABD99 /* CustomDetailsViewCell.h */,
				61379A671DA39511007ABD99 /* CustomDetailsViewCell.m */,
			);
			name = CustomDetailsViewCell;
			sourceTree = "<group>";
		};
		61379A691DA3AE12007ABD99 /* MapViewController */ = {
			isa = PBXGroup;
			children = (
				61379A6A1DA3AE41007ABD99 /* MapViewController.h */,
				61379A6B1DA3AE41007ABD99 /* MapViewController.m */,
			);
			name = MapViewController;
			sourceTree = "<group>";
		};
		6147A4341D9F9748003DB950 /* AppDelegate */ = {
			isa = PBXGroup;
			children = (
				32C194E21D9F8FC0009B7070 /* AppDelegate.h */,
				32C194E31D9F8FC0009B7070 /* AppDelegate.m */,
			);
			name = AppDelegate;
			sourceTree = "<group>";
		};
		6147A4351D9F9769003DB950 /* ViewController */ = {
			isa = PBXGroup;
			children = (
				32C194E51D9F8FC0009B7070 /* ViewController.h */,
				32C194E61D9F8FC0009B7070 /* ViewController.m */,
				6148F4571DB9EE4400FBB694 /* LogInViewController */,
				6147A4501D9FB5AB003DB950 /* SignUpViewController */,
			);
			name = ViewController;
			sourceTree = "<group>";
		};
		6147A4461D9F9921003DB950 /* JSONResponseSerializerWithData */ = {
			isa = PBXGroup;
			children = (
				6147A4401D9F9914003DB950 /* JSONResponseSerializerWithData.h */,
				6147A4411D9F9914003DB950 /* JSONResponseSerializerWithData.m */,
			);
			name = JSONResponseSerializerWithData;
			sourceTree = "<group>";
		};
		6147A4471D9F9941003DB950 /* NGAPIClient */ = {
			isa = PBXGroup;
			children = (
				6147A4421D9F9914003DB950 /* NGAPIClient.h */,
				6147A4431D9F9914003DB950 /* NGAPIClient.m */,
			);
			name = NGAPIClient;
			sourceTree = "<group>";
		};
		6147A44C1D9F9A74003DB950 /* Utility */ = {
			isa = PBXGroup;
			children = (
				6147A4491D9F9A6F003DB950 /* Utility.h */,
				6147A44A1D9F9A6F003DB950 /* Utility.m */,
			);
			name = Utility;
			sourceTree = "<group>";
		};
		6147A4501D9FB5AB003DB950 /* SignUpViewController */ = {
			isa = PBXGroup;
			children = (
				6147A44D1D9FB5A3003DB950 /* DetailViewController.h */,
				6147A44E1D9FB5A3003DB950 /* DetailViewController.m */,
				61C056BE1DB8E622000D09AA /* EmailViewController */,
			);
			name = SignUpViewController;
			sourceTree = "<group>";
		};
		6148F4571DB9EE4400FBB694 /* LogInViewController */ = {
			isa = PBXGroup;
			children = (
				6148F4581DB9EF5400FBB694 /* LogInViewController.h */,
				6148F4591DB9EF5400FBB694 /* LogInViewController.m */,
			);
			name = LogInViewController;
			sourceTree = "<group>";
		};
		616CD1BD1DA78468008558D5 /* AfterMenuViewController */ = {
			isa = PBXGroup;
			children = (
				616CD1BE1DA7848C008558D5 /* AfterMenuViewController.h */,
				616CD1BF1DA7848C008558D5 /* AfterMenuViewController.m */,
			);
			name = AfterMenuViewController;
			sourceTree = "<group>";
		};
		616ECCC31DA669F400BA6852 /* RefrostedViewControllers */ = {
			isa = PBXGroup;
			children = (
				616ECCC41DA66A1200BA6852 /* RECommonFunctions.h */,
				616ECCC51DA66A1200BA6852 /* RECommonFunctions.m */,
				616ECCC61DA66A1200BA6852 /* REFrostedContainerViewController.h */,
				616ECCC71DA66A1200BA6852 /* REFrostedContainerViewController.m */,
				616ECCC81DA66A1200BA6852 /* REFrostedViewController.h */,
				616ECCC91DA66A1200BA6852 /* REFrostedViewController.m */,
				616ECCCA1DA66A1200BA6852 /* UIImage+REFrostedViewController.h */,
				616ECCCB1DA66A1200BA6852 /* UIImage+REFrostedViewController.m */,
				616ECCCC1DA66A1200BA6852 /* UIView+REFrostedViewController.h */,
				616ECCCD1DA66A1200BA6852 /* UIView+REFrostedViewController.m */,
				616ECCCE1DA66A1200BA6852 /* UIViewController+REFrostedViewController.h */,
				616ECCCF1DA66A1200BA6852 /* UIViewController+REFrostedViewController.m */,
			);
			name = RefrostedViewControllers;
			sourceTree = "<group>";
		};
		616ECCD61DA66A3E00BA6852 /* Menu */ = {
			isa = PBXGroup;
			children = (
				616ECCD71DA66A5800BA6852 /* DEMOMenuViewController.h */,
				616ECCD81DA66A5800BA6852 /* DEMOMenuViewController.m */,
				616ECCD91DA66A5800BA6852 /* DEMONavigationController.h */,
				616ECCDA1DA66A5800BA6852 /* DEMONavigationController.m */,
				616ECCDB1DA66A5800BA6852 /* HeaderViewCell.h */,
				616ECCDC1DA66A5800BA6852 /* HeaderViewCell.m */,
				616ECCDD1DA66A5800BA6852 /* MenuViewCell.h */,
				616ECCDE1DA66A5800BA6852 /* MenuViewCell.m */,
				616ECCDF1DA66A5800BA6852 /* RootViewController.h */,
				616ECCE01DA66A5800BA6852 /* RootViewController.m */,
				61260F4A1DBB3AFF004D4AE5 /* NotificationViewController */,
				61EE6EF31DBA1C0F00238551 /* HowItWorks */,
				612ADB651DB4F7CB0012C752 /* ShareWithViewController */,
				616CD1BD1DA78468008558D5 /* AfterMenuViewController */,
				618329461DB0D43000DC53FA /* UpdateUserInfoViewController */,
			);
			name = Menu;
			sourceTree = "<group>";
		};
		616ECCE61DA66DD600BA6852 /* DataHolders */ = {
			isa = PBXGroup;
			children = (
				611F32CD1DA23C9300009F07 /* userInfo.h */,
				611F32CE1DA23C9300009F07 /* userInfo.m */,
				611F32D91DA27F2800009F07 /* venueInfo.h */,
				611F32DA1DA27F2800009F07 /* venueInfo.m */,
				61260F521DBB70B7004D4AE5 /* NotificationInfo.h */,
				61260F531DBB70B7004D4AE5 /* NotificationInfo.m */,
				616ECCC01DA60E3800BA6852 /* tagInfo.h */,
				616ECCC11DA60E3800BA6852 /* tagInfo.m */,
				61C056B91DB8E2BE000D09AA /* FacebookInfo.h */,
				61C056BA1DB8E2BE000D09AA /* FacebookInfo.m */,
			);
			name = DataHolders;
			sourceTree = "<group>";
		};
		618329421DB0ACCF00DC53FA /* AllVenueMapViewController */ = {
			isa = PBXGroup;
			children = (
				618329431DB0AD6C00DC53FA /* AllVenueMapViewController.h */,
				618329441DB0AD6C00DC53FA /* AllVenueMapViewController.m */,
			);
			name = AllVenueMapViewController;
			sourceTree = "<group>";
		};
		618329461DB0D43000DC53FA /* UpdateUserInfoViewController */ = {
			isa = PBXGroup;
			children = (
				618329471DB0D47600DC53FA /* UpdateUserInfoViewController.h */,
				618329481DB0D47600DC53FA /* UpdateUserInfoViewController.m */,
			);
			name = UpdateUserInfoViewController;
			sourceTree = "<group>";
		};
		61C056B01DB8E011000D09AA /* Frameworks */ = {
			isa = PBXGroup;
			children = (
				61C056B11DB8E06F000D09AA /* Bolts.framework */,
				61C056B21DB8E06F000D09AA /* FBSDKCoreKit.framework */,
				61C056B31DB8E06F000D09AA /* FBSDKLoginKit.framework */,
				61C056B41DB8E06F000D09AA /* FBSDKShareKit.framework */,
			);
			name = Frameworks;
			sourceTree = "<group>";
		};
		61C056BE1DB8E622000D09AA /* EmailViewController */ = {
			isa = PBXGroup;
			children = (
				61C056BF1DB8E649000D09AA /* EmailViewController.h */,
				61C056C01DB8E649000D09AA /* EmailViewController.m */,
			);
			name = EmailViewController;
			sourceTree = "<group>";
		};
		61EE6EF31DBA1C0F00238551 /* HowItWorks */ = {
			isa = PBXGroup;
			children = (
				61EE6EF41DBA1C3200238551 /* HowItWorksViewController.h */,
				61EE6EF51DBA1C3200238551 /* HowItWorksViewController.m */,
				61EE6EF71DBA367700238551 /* VenueViewCell */,
			);
			name = HowItWorks;
			sourceTree = "<group>";
		};
		61EE6EF71DBA367700238551 /* VenueViewCell */ = {
			isa = PBXGroup;
			children = (
				61EE6EF81DBA36B100238551 /* VenueViewCell.h */,
				61EE6EF91DBA36B100238551 /* VenueViewCell.m */,
			);
			name = VenueViewCell;
			sourceTree = "<group>";
		};
		ACFA2FEAB7365B57AABCE2DB /* Pods */ = {
			isa = PBXGroup;
			children = (
				3F5D68EF42CB5E15591F481E /* Pods-KobeSample.debug.xcconfig */,
				50811334A56F0D3085D83974 /* Pods-KobeSample.release.xcconfig */,
			);
			name = Pods;
			sourceTree = "<group>";
		};
		CC7F86F817E045666D5A4ED8 /* Frameworks */ = {
			isa = PBXGroup;
			children = (
				612ADB691DB508910012C752 /* Social.framework */,
				611F32E01DA2857700009F07 /* QuartzCore.framework */,
				611F32DE1DA284E900009F07 /* MapKit.framework */,
				611F32DC1DA284E200009F07 /* CoreLocation.framework */,
				A49CEE22DF02AABD5F72CE05 /* Pods.framework */,
				B0920ED9A7F2ABE6265EC6D3 /* libPods-KobeSample.a */,
			);
			name = Frameworks;
			sourceTree = "<group>";
		};
/* End PBXGroup section */

/* Begin PBXNativeTarget section */
		32C194DB1D9F8FC0009B7070 /* KobeSample */ = {
			isa = PBXNativeTarget;
			buildConfigurationList = 32C194F31D9F8FC0009B7070 /* Build configuration list for PBXNativeTarget "KobeSample" */;
			buildPhases = (
				CEFD5CA2A8B6F02815982154 /* 📦 Check Pods Manifest.lock */,
				32C194D81D9F8FC0009B7070 /* Sources */,
				32C194D91D9F8FC0009B7070 /* Frameworks */,
				32C194DA1D9F8FC0009B7070 /* Resources */,
				18F4446C67CA99C47F3A74DE /* 📦 Embed Pods Frameworks */,
				1D44A6CA91EEB945FE876340 /* 📦 Copy Pods Resources */,
			);
			buildRules = (
			);
			dependencies = (
			);
			name = KobeSample;
			productName = KobeSample;
			productReference = 32C194DC1D9F8FC0009B7070 /* KobeSample.app */;
			productType = "com.apple.product-type.application";
		};
/* End PBXNativeTarget section */

/* Begin PBXProject section */
		32C194D41D9F8FC0009B7070 /* Project object */ = {
			isa = PBXProject;
			attributes = {
				LastUpgradeCheck = 0800;
				ORGANIZATIONNAME = "Prashant Aggarwal";
				TargetAttributes = {
					32C194DB1D9F8FC0009B7070 = {
						CreatedOnToolsVersion = 8.0;
						DevelopmentTeam = 5KMQP3KP7U;
						ProvisioningStyle = Automatic;
						SystemCapabilities = {
							com.apple.Keychain = {
								enabled = 1;
							};
						};
					};
				};
			};
			buildConfigurationList = 32C194D71D9F8FC0009B7070 /* Build configuration list for PBXProject "KobeSample" */;
			compatibilityVersion = "Xcode 3.2";
			developmentRegion = English;
			hasScannedForEncodings = 0;
			knownRegions = (
				en,
				Base,
			);
			mainGroup = 32C194D31D9F8FC0009B7070;
			productRefGroup = 32C194DD1D9F8FC0009B7070 /* Products */;
			projectDirPath = "";
			projectRoot = "";
			targets = (
				32C194DB1D9F8FC0009B7070 /* KobeSample */,
			);
		};
/* End PBXProject section */

/* Begin PBXResourcesBuildPhase section */
		32C194DA1D9F8FC0009B7070 /* Resources */ = {
			isa = PBXResourcesBuildPhase;
			buildActionMask = 2147483647;
			files = (
				32C194EF1D9F8FC0009B7070 /* LaunchScreen.storyboard in Resources */,
				32C194EC1D9F8FC0009B7070 /* Assets.xcassets in Resources */,
				32C194EA1D9F8FC0009B7070 /* Main.storyboard in Resources */,
			);
			runOnlyForDeploymentPostprocessing = 0;
		};
/* End PBXResourcesBuildPhase section */

/* Begin PBXShellScriptBuildPhase section */
		18F4446C67CA99C47F3A74DE /* 📦 Embed Pods Frameworks */ = {
			isa = PBXShellScriptBuildPhase;
			buildActionMask = 2147483647;
			files = (
			);
			inputPaths = (
			);
			name = "📦 Embed Pods Frameworks";
			outputPaths = (
			);
			runOnlyForDeploymentPostprocessing = 0;
			shellPath = /bin/sh;
			shellScript = "\"${SRCROOT}/Pods/Target Support Files/Pods-KobeSample/Pods-KobeSample-frameworks.sh\"\n";
			showEnvVarsInLog = 0;
		};
		1D44A6CA91EEB945FE876340 /* 📦 Copy Pods Resources */ = {
			isa = PBXShellScriptBuildPhase;
			buildActionMask = 2147483647;
			files = (
			);
			inputPaths = (
			);
			name = "📦 Copy Pods Resources";
			outputPaths = (
			);
			runOnlyForDeploymentPostprocessing = 0;
			shellPath = /bin/sh;
			shellScript = "\"${SRCROOT}/Pods/Target Support Files/Pods-KobeSample/Pods-KobeSample-resources.sh\"\n";
			showEnvVarsInLog = 0;
		};
		CEFD5CA2A8B6F02815982154 /* 📦 Check Pods Manifest.lock */ = {
			isa = PBXShellScriptBuildPhase;
			buildActionMask = 2147483647;
			files = (
			);
			inputPaths = (
			);
			name = "📦 Check Pods Manifest.lock";
			outputPaths = (
			);
			runOnlyForDeploymentPostprocessing = 0;
			shellPath = /bin/sh;
			shellScript = "diff \"${PODS_ROOT}/../Podfile.lock\" \"${PODS_ROOT}/Manifest.lock\" > /dev/null\nif [[ $? != 0 ]] ; then\n    cat << EOM\nerror: The sandbox is not in sync with the Podfile.lock. Run 'pod install' or update your CocoaPods installation.\nEOM\n    exit 1\nfi\n";
			showEnvVarsInLog = 0;
		};
/* End PBXShellScriptBuildPhase section */

/* Begin PBXSourcesBuildPhase section */
		32C194D81D9F8FC0009B7070 /* Sources */ = {
			isa = PBXSourcesBuildPhase;
			buildActionMask = 2147483647;
			files = (
				616ECCD51DA66A1200BA6852 /* UIViewController+REFrostedViewController.m in Sources */,
				611F32CF1DA23C9300009F07 /* userInfo.m in Sources */,
				6148F45A1DB9EF5400FBB694 /* LogInViewController.m in Sources */,
				6147A4441D9F9914003DB950 /* JSONResponseSerializerWithData.m in Sources */,
				6147A4451D9F9914003DB950 /* NGAPIClient.m in Sources */,
				616ECCE11DA66A5800BA6852 /* DEMOMenuViewController.m in Sources */,
				616ECCC21DA60E3800BA6852 /* tagInfo.m in Sources */,
				611F32D71DA26CB000009F07 /* LaunchViewController.m in Sources */,
				616ECCD21DA66A1200BA6852 /* REFrostedViewController.m in Sources */,
				32C194E71D9F8FC0009B7070 /* ViewController.m in Sources */,
				61260F541DBB70B7004D4AE5 /* NotificationInfo.m in Sources */,
				611E37361DA51C1A006CCDEE /* SearchViewController.m in Sources */,
				616ECCD41DA66A1200BA6852 /* UIView+REFrostedViewController.m in Sources */,
				32C194E41D9F8FC0009B7070 /* AppDelegate.m in Sources */,
				61260F4D1DBB3B78004D4AE5 /* NotificationViewController.m in Sources */,
				616ECCE21DA66A5800BA6852 /* DEMONavigationController.m in Sources */,
				611F32E61DA28FE100009F07 /* ShowAllVenue.m in Sources */,
				61EE6EF61DBA1C3200238551 /* HowItWorksViewController.m in Sources */,
				616ECCE51DA66A5800BA6852 /* RootViewController.m in Sources */,
				61C056C11DB8E649000D09AA /* EmailViewController.m in Sources */,
				618329451DB0AD6C00DC53FA /* AllVenueMapViewController.m in Sources */,
				61379A681DA39511007ABD99 /* CustomDetailsViewCell.m in Sources */,
				61260F511DBB4376004D4AE5 /* NotificationViewCell.m in Sources */,
				61C056BB1DB8E2BE000D09AA /* FacebookInfo.m in Sources */,
				611F32DB1DA27F2800009F07 /* venueInfo.m in Sources */,
				616ECCD01DA66A1200BA6852 /* RECommonFunctions.m in Sources */,
				61EE6EFA1DBA36B100238551 /* VenueViewCell.m in Sources */,
				616ECCE41DA66A5800BA6852 /* MenuViewCell.m in Sources */,
				6147A44B1D9F9A6F003DB950 /* Utility.m in Sources */,
				616ECCD11DA66A1200BA6852 /* REFrostedContainerViewController.m in Sources */,
				618329491DB0D47600DC53FA /* UpdateUserInfoViewController.m in Sources */,
				616ECCE31DA66A5800BA6852 /* HeaderViewCell.m in Sources */,
				611F32D31DA260F300009F07 /* AfterSignUpViewController.m in Sources */,
				611E373A1DA526BF006CCDEE /* CollectionViewCell.m in Sources */,
				616CD1C01DA7848C008558D5 /* AfterMenuViewController.m in Sources */,
				61379A6C1DA3AE41007ABD99 /* MapViewController.m in Sources */,
				612ADB681DB4F7FF0012C752 /* ShareWithViewController.m in Sources */,
				32C194E11D9F8FC0009B7070 /* main.m in Sources */,
				61379A641DA391D3007ABD99 /* DetailsViewController.m in Sources */,
				61379A5E1DA38453007ABD99 /* CustomViewCell.m in Sources */,
				6147A44F1D9FB5A3003DB950 /* DetailViewController.m in Sources */,
				616ECCD31DA66A1200BA6852 /* UIImage+REFrostedViewController.m in Sources */,
			);
			runOnlyForDeploymentPostprocessing = 0;
		};
/* End PBXSourcesBuildPhase section */

/* Begin PBXVariantGroup section */
		32C194E81D9F8FC0009B7070 /* Main.storyboard */ = {
			isa = PBXVariantGroup;
			children = (
				32C194E91D9F8FC0009B7070 /* Base */,
			);
			name = Main.storyboard;
			sourceTree = "<group>";
		};
		32C194ED1D9F8FC0009B7070 /* LaunchScreen.storyboard */ = {
			isa = PBXVariantGroup;
			children = (
				32C194EE1D9F8FC0009B7070 /* Base */,
			);
			name = LaunchScreen.storyboard;
			sourceTree = "<group>";
		};
/* End PBXVariantGroup section */

/* Begin XCBuildConfiguration section */
		32C194F11D9F8FC0009B7070 /* Debug */ = {
			isa = XCBuildConfiguration;
			buildSettings = {
				ALWAYS_SEARCH_USER_PATHS = NO;
				CLANG_ANALYZER_NONNULL = YES;
				CLANG_CXX_LANGUAGE_STANDARD = "gnu++0x";
				CLANG_CXX_LIBRARY = "libc++";
				CLANG_ENABLE_MODULES = YES;
				CLANG_ENABLE_OBJC_ARC = YES;
				CLANG_WARN_BOOL_CONVERSION = YES;
				CLANG_WARN_CONSTANT_CONVERSION = YES;
				CLANG_WARN_DIRECT_OBJC_ISA_USAGE = YES_ERROR;
				CLANG_WARN_DOCUMENTATION_COMMENTS = YES;
				CLANG_WARN_EMPTY_BODY = YES;
				CLANG_WARN_ENUM_CONVERSION = YES;
				CLANG_WARN_INFINITE_RECURSION = YES;
				CLANG_WARN_INT_CONVERSION = YES;
				CLANG_WARN_OBJC_ROOT_CLASS = YES_ERROR;
				CLANG_WARN_SUSPICIOUS_MOVES = YES;
				CLANG_WARN_UNREACHABLE_CODE = YES;
				CLANG_WARN__DUPLICATE_METHOD_MATCH = YES;
				"CODE_SIGN_IDENTITY[sdk=iphoneos*]" = "iPhone Developer";
				COPY_PHASE_STRIP = NO;
				DEBUG_INFORMATION_FORMAT = dwarf;
				ENABLE_STRICT_OBJC_MSGSEND = YES;
				ENABLE_TESTABILITY = YES;
				GCC_C_LANGUAGE_STANDARD = gnu99;
				GCC_DYNAMIC_NO_PIC = NO;
				GCC_NO_COMMON_BLOCKS = YES;
				GCC_OPTIMIZATION_LEVEL = 0;
				GCC_PREPROCESSOR_DEFINITIONS = (
					"DEBUG=1",
					"$(inherited)",
				);
				GCC_WARN_64_TO_32_BIT_CONVERSION = YES;
				GCC_WARN_ABOUT_RETURN_TYPE = YES_ERROR;
				GCC_WARN_UNDECLARED_SELECTOR = YES;
				GCC_WARN_UNINITIALIZED_AUTOS = YES_AGGRESSIVE;
				GCC_WARN_UNUSED_FUNCTION = YES;
				GCC_WARN_UNUSED_VARIABLE = YES;
				IPHONEOS_DEPLOYMENT_TARGET = 10.0;
				MTL_ENABLE_DEBUG_INFO = YES;
				ONLY_ACTIVE_ARCH = YES;
				SDKROOT = iphoneos;
			};
			name = Debug;
		};
		32C194F21D9F8FC0009B7070 /* Release */ = {
			isa = XCBuildConfiguration;
			buildSettings = {
				ALWAYS_SEARCH_USER_PATHS = NO;
				CLANG_ANALYZER_NONNULL = YES;
				CLANG_CXX_LANGUAGE_STANDARD = "gnu++0x";
				CLANG_CXX_LIBRARY = "libc++";
				CLANG_ENABLE_MODULES = YES;
				CLANG_ENABLE_OBJC_ARC = YES;
				CLANG_WARN_BOOL_CONVERSION = YES;
				CLANG_WARN_CONSTANT_CONVERSION = YES;
				CLANG_WARN_DIRECT_OBJC_ISA_USAGE = YES_ERROR;
				CLANG_WARN_DOCUMENTATION_COMMENTS = YES;
				CLANG_WARN_EMPTY_BODY = YES;
				CLANG_WARN_ENUM_CONVERSION = YES;
				CLANG_WARN_INFINITE_RECURSION = YES;
				CLANG_WARN_INT_CONVERSION = YES;
				CLANG_WARN_OBJC_ROOT_CLASS = YES_ERROR;
				CLANG_WARN_SUSPICIOUS_MOVES = YES;
				CLANG_WARN_UNREACHABLE_CODE = YES;
				CLANG_WARN__DUPLICATE_METHOD_MATCH = YES;
				"CODE_SIGN_IDENTITY[sdk=iphoneos*]" = "iPhone Developer";
				COPY_PHASE_STRIP = NO;
				DEBUG_INFORMATION_FORMAT = "dwarf-with-dsym";
				ENABLE_NS_ASSERTIONS = NO;
				ENABLE_STRICT_OBJC_MSGSEND = YES;
				GCC_C_LANGUAGE_STANDARD = gnu99;
				GCC_NO_COMMON_BLOCKS = YES;
				GCC_WARN_64_TO_32_BIT_CONVERSION = YES;
				GCC_WARN_ABOUT_RETURN_TYPE = YES_ERROR;
				GCC_WARN_UNDECLARED_SELECTOR = YES;
				GCC_WARN_UNINITIALIZED_AUTOS = YES_AGGRESSIVE;
				GCC_WARN_UNUSED_FUNCTION = YES;
				GCC_WARN_UNUSED_VARIABLE = YES;
				IPHONEOS_DEPLOYMENT_TARGET = 10.0;
				MTL_ENABLE_DEBUG_INFO = NO;
				SDKROOT = iphoneos;
				VALIDATE_PRODUCT = YES;
			};
			name = Release;
		};
		32C194F41D9F8FC0009B7070 /* Debug */ = {
			isa = XCBuildConfiguration;
			baseConfigurationReference = 3F5D68EF42CB5E15591F481E /* Pods-KobeSample.debug.xcconfig */;
			buildSettings = {
				ASSETCATALOG_COMPILER_APPICON_NAME = AppIcon;
				CODE_SIGN_ENTITLEMENTS = KobeSample/KobeSample.entitlements;
				CODE_SIGN_IDENTITY = "iPhone Developer: Amit Gupta (9PKDCXC3GY)";
				"CODE_SIGN_IDENTITY[sdk=iphoneos*]" = "iPhone Developer";
				DEVELOPMENT_TEAM = 5KMQP3KP7U;
				FRAMEWORK_SEARCH_PATHS = (
					"$(inherited)",
					"$(PROJECT_DIR)/KobeSample/FacebookSDKs-iOS-4.16.1",
				);
				GCC_PRECOMPILE_PREFIX_HEADER = YES;
				GCC_PREFIX_HEADER = "KobeSample/KobeSample-Prefix.pch";
				INFOPLIST_FILE = KobeSample/Info.plist;
				IPHONEOS_DEPLOYMENT_TARGET = 8.0;
				LD_RUNPATH_SEARCH_PATHS = "$(inherited) @executable_path/Frameworks";
				PRODUCT_BUNDLE_IDENTIFIER = com.berylsystems.KobeSample;
				PRODUCT_NAME = "$(TARGET_NAME)";
				PROVISIONING_PROFILE = "";
				PROVISIONING_PROFILE_SPECIFIER = "";
			};
			name = Debug;
		};
		32C194F51D9F8FC0009B7070 /* Release */ = {
			isa = XCBuildConfiguration;
			baseConfigurationReference = 50811334A56F0D3085D83974 /* Pods-KobeSample.release.xcconfig */;
			buildSettings = {
				ASSETCATALOG_COMPILER_APPICON_NAME = AppIcon;
				CODE_SIGN_ENTITLEMENTS = KobeSample/KobeSample.entitlements;
				CODE_SIGN_IDENTITY = "iPhone Developer: Amit Gupta (9PKDCXC3GY)";
				"CODE_SIGN_IDENTITY[sdk=iphoneos*]" = "iPhone Developer";
				DEVELOPMENT_TEAM = 5KMQP3KP7U;
				FRAMEWORK_SEARCH_PATHS = (
					"$(inherited)",
					"$(PROJECT_DIR)/KobeSample/FacebookSDKs-iOS-4.16.1",
				);
				GCC_PRECOMPILE_PREFIX_HEADER = YES;
				GCC_PREFIX_HEADER = "KobeSample/KobeSample-Prefix.pch";
				INFOPLIST_FILE = KobeSample/Info.plist;
				IPHONEOS_DEPLOYMENT_TARGET = 8.0;
				LD_RUNPATH_SEARCH_PATHS = "$(inherited) @executable_path/Frameworks";
				PRODUCT_BUNDLE_IDENTIFIER = com.berylsystems.KobeSample;
				PRODUCT_NAME = "$(TARGET_NAME)";
				PROVISIONING_PROFILE = "";
				PROVISIONING_PROFILE_SPECIFIER = "";
			};
			name = Release;
		};
/* End XCBuildConfiguration section */

/* Begin XCConfigurationList section */
		32C194D71D9F8FC0009B7070 /* Build configuration list for PBXProject "KobeSample" */ = {
			isa = XCConfigurationList;
			buildConfigurations = (
				32C194F11D9F8FC0009B7070 /* Debug */,
				32C194F21D9F8FC0009B7070 /* Release */,
			);
			defaultConfigurationIsVisible = 0;
			defaultConfigurationName = Release;
		};
		32C194F31D9F8FC0009B7070 /* Build configuration list for PBXNativeTarget "KobeSample" */ = {
			isa = XCConfigurationList;
			buildConfigurations = (
				32C194F41D9F8FC0009B7070 /* Debug */,
				32C194F51D9F8FC0009B7070 /* Release */,
			);
			defaultConfigurationIsVisible = 0;
			defaultConfigurationName = Release;
		};
/* End XCConfigurationList section */
	};
	rootObject = 32C194D41D9F8FC0009B7070 /* Project object */;
}
